
Microsoft Visual Studio Solution File, Format Version 12.00
# Visual Studio Version 17
VisualStudioVersion = 17.3.32901.215
MinimumVisualStudioVersion = 10.0.40219.1
Project("{9A19103F-16F7-4668-BE54-9A1E7A4F7556}") = "Champs", "Champs\Champs.csproj", "{D3AEBE22-2AA9-4003-8DAA-5464BDBF0E3B}"
EndProject
Global
	GlobalSection(SolutionConfigurationPlatforms) = preSolution
		Debug|Any CPU = Debug|Any CPU
		Release|Any CPU = Release|Any CPU
	EndGlobalSection
	GlobalSection(ProjectConfigurationPlatforms) = postSolution
		{D3AEBE22-2AA9-4003-8DAA-5464BDBF0E3B}.Debug|Any CPU.ActiveCfg = Debug|Any CPU
		{D3AEBE22-2AA9-4003-8DAA-5464BDBF0E3B}.Debug|Any CPU.Build.0 = Debug|Any CPU
		{D3AEBE22-2AA9-4003-8DAA-5464BDBF0E3B}.Release|Any CPU.ActiveCfg = Release|Any CPU
		{D3AEBE22-2AA9-4003-8DAA-5464BDBF0E3B}.Release|Any CPU.Build.0 = Release|Any CPU
	EndGlobalSection
	GlobalSection(SolutionProperties) = preSolution
		HideSolutionNode = FALSE
	EndGlobalSection
	GlobalSection(ExtensibilityGlobals) = postSolution
		SolutionGuid = {168EDBB9-E009-451E-AA96-A9A414D3566C}
	EndGlobalSection
EndGlobal
